
Microsoft Visual Studio Solution File, Format Version 12.00
# Visual Studio Version 16
VisualStudioVersion = 16.0.30104.148
MinimumVisualStudioVersion = 10.0.40219.1
Project("{9A19103F-16F7-4668-BE54-9A1E7A4F7556}") = "WebApi", "Api\WebApi.csproj", "{DE7636C7-78E9-4FDA-977E-5626DB28B077}"
EndProject
Project("{2150E333-8FDC-42A3-9474-1A3956D46DE8}") = "01 - Presentation", "01 - Presentation", "{BCA18650-6ADE-4DF6-BF95-7C457C1BC054}"
EndProject
Project("{2150E333-8FDC-42A3-9474-1A3956D46DE8}") = "03 - Domain", "03 - Domain", "{A01286C2-086C-4EFA-A5BE-3D933BD0D320}"
EndProject
Project("{2150E333-8FDC-42A3-9474-1A3956D46DE8}") = "05 - Infra", "05 - Infra", "{5022B172-E9B2-4E9E-B952-94D99A4C659B}"
EndProject
Project("{2150E333-8FDC-42A3-9474-1A3956D46DE8}") = "04 - CrossCutting", "04 - CrossCutting", "{BEDE4517-7877-4341-9FE3-56F5E727177F}"
EndProject
Project("{2150E333-8FDC-42A3-9474-1A3956D46DE8}") = "02 - Api", "02 - Api", "{1FD153A0-8277-4F4D-9A49-0778F3A3D59C}"
EndProject
Project("{9A19103F-16F7-4668-BE54-9A1E7A4F7556}") = "Data", "Data\Data.csproj", "{237FC4E9-4B7C-426E-AD5B-DA1D70C226D0}"
EndProject
Project("{9A19103F-16F7-4668-BE54-9A1E7A4F7556}") = "Domain", "Core\Domain.csproj", "{9A794A93-9839-4BBC-BAF3-109A6A433062}"
EndProject
Project("{9A19103F-16F7-4668-BE54-9A1E7A4F7556}") = "Shared", "Shared\Shared.csproj", "{02262B7B-8565-40A9-A80B-8261F1C251E8}"
EndProject
Project("{2150E333-8FDC-42A3-9474-1A3956D46DE8}") = "06 - Tests", "06 - Tests", "{F643BC60-7AE0-4C7F-87DF-A20378A1672A}"
EndProject
Project("{9A19103F-16F7-4668-BE54-9A1E7A4F7556}") = "Domain.Tests", "Domain.Tests\Domain.Tests.csproj", "{393FE882-D22C-48BF-9A66-43BBFD3AC6F0}"
EndProject
Project("{9A19103F-16F7-4668-BE54-9A1E7A4F7556}") = "WebApi.Tests", "WebApi.Tests\WebApi.Tests.csproj", "{11EAF26D-F70E-40FF-9BC2-DD0994C65F95}"
EndProject
Global
	GlobalSection(SolutionConfigurationPlatforms) = preSolution
		Debug|Any CPU = Debug|Any CPU
		DIT|Any CPU = DIT|Any CPU
		Release|Any CPU = Release|Any CPU
		SIT|Any CPU = SIT|Any CPU
		SIT4|Any CPU = SIT4|Any CPU
	EndGlobalSection
	GlobalSection(ProjectConfigurationPlatforms) = postSolution
		{DE7636C7-78E9-4FDA-977E-5626DB28B077}.Debug|Any CPU.ActiveCfg = Debug|Any CPU
		{DE7636C7-78E9-4FDA-977E-5626DB28B077}.Debug|Any CPU.Build.0 = Debug|Any CPU
		{DE7636C7-78E9-4FDA-977E-5626DB28B077}.DIT|Any CPU.ActiveCfg = Debug|Any CPU
		{DE7636C7-78E9-4FDA-977E-5626DB28B077}.DIT|Any CPU.Build.0 = Debug|Any CPU
		{DE7636C7-78E9-4FDA-977E-5626DB28B077}.Release|Any CPU.ActiveCfg = Release|Any CPU
		{DE7636C7-78E9-4FDA-977E-5626DB28B077}.Release|Any CPU.Build.0 = Release|Any CPU
		{DE7636C7-78E9-4FDA-977E-5626DB28B077}.SIT|Any CPU.ActiveCfg = Release|Any CPU
		{DE7636C7-78E9-4FDA-977E-5626DB28B077}.SIT|Any CPU.Build.0 = Release|Any CPU
		{DE7636C7-78E9-4FDA-977E-5626DB28B077}.SIT4|Any CPU.ActiveCfg = Release|Any CPU
		{DE7636C7-78E9-4FDA-977E-5626DB28B077}.SIT4|Any CPU.Build.0 = Release|Any CPU
		{237FC4E9-4B7C-426E-AD5B-DA1D70C226D0}.Debug|Any CPU.ActiveCfg = Debug|Any CPU
		{237FC4E9-4B7C-426E-AD5B-DA1D70C226D0}.Debug|Any CPU.Build.0 = Debug|Any CPU
		{237FC4E9-4B7C-426E-AD5B-DA1D70C226D0}.DIT|Any CPU.ActiveCfg = Debug|Any CPU
		{237FC4E9-4B7C-426E-AD5B-DA1D70C226D0}.DIT|Any CPU.Build.0 = Debug|Any CPU
		{237FC4E9-4B7C-426E-AD5B-DA1D70C226D0}.Release|Any CPU.ActiveCfg = Release|Any CPU
		{237FC4E9-4B7C-426E-AD5B-DA1D70C226D0}.Release|Any CPU.Build.0 = Release|Any CPU
		{237FC4E9-4B7C-426E-AD5B-DA1D70C226D0}.SIT|Any CPU.ActiveCfg = Release|Any CPU
		{237FC4E9-4B7C-426E-AD5B-DA1D70C226D0}.SIT|Any CPU.Build.0 = Release|Any CPU
		{237FC4E9-4B7C-426E-AD5B-DA1D70C226D0}.SIT4|Any CPU.ActiveCfg = Release|Any CPU
		{237FC4E9-4B7C-426E-AD5B-DA1D70C226D0}.SIT4|Any CPU.Build.0 = Release|Any CPU
		{9A794A93-9839-4BBC-BAF3-109A6A433062}.Debug|Any CPU.ActiveCfg = Debug|Any CPU
		{9A794A93-9839-4BBC-BAF3-109A6A433062}.Debug|Any CPU.Build.0 = Debug|Any CPU
		{9A794A93-9839-4BBC-BAF3-109A6A433062}.DIT|Any CPU.ActiveCfg = Debug|Any CPU
		{9A794A93-9839-4BBC-BAF3-109A6A433062}.DIT|Any CPU.Build.0 = Debug|Any CPU
		{9A794A93-9839-4BBC-BAF3-109A6A433062}.Release|Any CPU.ActiveCfg = Release|Any CPU
		{9A794A93-9839-4BBC-BAF3-109A6A433062}.Release|Any CPU.Build.0 = Release|Any CPU
		{9A794A93-9839-4BBC-BAF3-109A6A433062}.SIT|Any CPU.ActiveCfg = Release|Any CPU
		{9A794A93-9839-4BBC-BAF3-109A6A433062}.SIT|Any CPU.Build.0 = Release|Any CPU
		{9A794A93-9839-4BBC-BAF3-109A6A433062}.SIT4|Any CPU.ActiveCfg = Release|Any CPU
		{9A794A93-9839-4BBC-BAF3-109A6A433062}.SIT4|Any CPU.Build.0 = Release|Any CPU
		{02262B7B-8565-40A9-A80B-8261F1C251E8}.Debug|Any CPU.ActiveCfg = Debug|Any CPU
		{02262B7B-8565-40A9-A80B-8261F1C251E8}.Debug|Any CPU.Build.0 = Debug|Any CPU
		{02262B7B-8565-40A9-A80B-8261F1C251E8}.DIT|Any CPU.ActiveCfg = Debug|Any CPU
		{02262B7B-8565-40A9-A80B-8261F1C251E8}.DIT|Any CPU.Build.0 = Debug|Any CPU
		{02262B7B-8565-40A9-A80B-8261F1C251E8}.Release|Any CPU.ActiveCfg = Release|Any CPU
		{02262B7B-8565-40A9-A80B-8261F1C251E8}.Release|Any CPU.Build.0 = Release|Any CPU
		{02262B7B-8565-40A9-A80B-8261F1C251E8}.SIT|Any CPU.ActiveCfg = Release|Any CPU
		{02262B7B-8565-40A9-A80B-8261F1C251E8}.SIT|Any CPU.Build.0 = Release|Any CPU
		{02262B7B-8565-40A9-A80B-8261F1C251E8}.SIT4|Any CPU.ActiveCfg = Release|Any CPU
		{02262B7B-8565-40A9-A80B-8261F1C251E8}.SIT4|Any CPU.Build.0 = Release|Any CPU
		{393FE882-D22C-48BF-9A66-43BBFD3AC6F0}.Debug|Any CPU.ActiveCfg = Debug|Any CPU
		{393FE882-D22C-48BF-9A66-43BBFD3AC6F0}.Debug|Any CPU.Build.0 = Debug|Any CPU
		{393FE882-D22C-48BF-9A66-43BBFD3AC6F0}.DIT|Any CPU.ActiveCfg = Debug|Any CPU
		{393FE882-D22C-48BF-9A66-43BBFD3AC6F0}.DIT|Any CPU.Build.0 = Debug|Any CPU
		{393FE882-D22C-48BF-9A66-43BBFD3AC6F0}.Release|Any CPU.ActiveCfg = Release|Any CPU
		{393FE882-D22C-48BF-9A66-43BBFD3AC6F0}.Release|Any CPU.Build.0 = Release|Any CPU
		{393FE882-D22C-48BF-9A66-43BBFD3AC6F0}.SIT|Any CPU.ActiveCfg = Debug|Any CPU
		{393FE882-D22C-48BF-9A66-43BBFD3AC6F0}.SIT|Any CPU.Build.0 = Debug|Any CPU
		{393FE882-D22C-48BF-9A66-43BBFD3AC6F0}.SIT4|Any CPU.ActiveCfg = Debug|Any CPU
		{393FE882-D22C-48BF-9A66-43BBFD3AC6F0}.SIT4|Any CPU.Build.0 = Debug|Any CPU
		{11EAF26D-F70E-40FF-9BC2-DD0994C65F95}.Debug|Any CPU.ActiveCfg = Debug|Any CPU
		{11EAF26D-F70E-40FF-9BC2-DD0994C65F95}.Debug|Any CPU.Build.0 = Debug|Any CPU
		{11EAF26D-F70E-40FF-9BC2-DD0994C65F95}.DIT|Any CPU.ActiveCfg = Debug|Any CPU
		{11EAF26D-F70E-40FF-9BC2-DD0994C65F95}.DIT|Any CPU.Build.0 = Debug|Any CPU
		{11EAF26D-F70E-40FF-9BC2-DD0994C65F95}.Release|Any CPU.ActiveCfg = Release|Any CPU
		{11EAF26D-F70E-40FF-9BC2-DD0994C65F95}.Release|Any CPU.Build.0 = Release|Any CPU
		{11EAF26D-F70E-40FF-9BC2-DD0994C65F95}.SIT|Any CPU.ActiveCfg = Debug|Any CPU
		{11EAF26D-F70E-40FF-9BC2-DD0994C65F95}.SIT|Any CPU.Build.0 = Debug|Any CPU
		{11EAF26D-F70E-40FF-9BC2-DD0994C65F95}.SIT4|Any CPU.ActiveCfg = Debug|Any CPU
		{11EAF26D-F70E-40FF-9BC2-DD0994C65F95}.SIT4|Any CPU.Build.0 = Debug|Any CPU
	EndGlobalSection
	GlobalSection(SolutionProperties) = preSolution
		HideSolutionNode = FALSE
	EndGlobalSection
	GlobalSection(NestedProjects) = preSolution
		{DE7636C7-78E9-4FDA-977E-5626DB28B077} = {1FD153A0-8277-4F4D-9A49-0778F3A3D59C}
		{237FC4E9-4B7C-426E-AD5B-DA1D70C226D0} = {5022B172-E9B2-4E9E-B952-94D99A4C659B}
		{9A794A93-9839-4BBC-BAF3-109A6A433062} = {A01286C2-086C-4EFA-A5BE-3D933BD0D320}
		{02262B7B-8565-40A9-A80B-8261F1C251E8} = {BEDE4517-7877-4341-9FE3-56F5E727177F}
		{393FE882-D22C-48BF-9A66-43BBFD3AC6F0} = {F643BC60-7AE0-4C7F-87DF-A20378A1672A}
		{11EAF26D-F70E-40FF-9BC2-DD0994C65F95} = {F643BC60-7AE0-4C7F-87DF-A20378A1672A}
	EndGlobalSection
	GlobalSection(ExtensibilityGlobals) = postSolution
		SolutionGuid = {56EAEDFA-DEBC-494A-83F1-D80874427CA7}
	EndGlobalSection
EndGlobal
